
Microsoft Visual Studio Solution File, Format Version 12.00
# Visual Studio Version 17
VisualStudioVersion = 17.4.33403.182
MinimumVisualStudioVersion = 10.0.40219.1
Project("{FAE04EC0-301F-11D3-BF4B-00C04F79EFBC}") = "Console_RPG_Game", "Console_RPG_Game\Console_RPG_Game.csproj", "{9AF0ABEB-C654-40C7-9A24-BAE57C3EEFC0}"
EndProject
Global
	GlobalSection(SolutionConfigurationPlatforms) = preSolution
		Debug|Any CPU = Debug|Any CPU
		Release|Any CPU = Release|Any CPU
	EndGlobalSection
	GlobalSection(ProjectConfigurationPlatforms) = postSolution
		{9AF0ABEB-C654-40C7-9A24-BAE57C3EEFC0}.Debug|Any CPU.ActiveCfg = Debug|Any CPU
		{9AF0ABEB-C654-40C7-9A24-BAE57C3EEFC0}.Debug|Any CPU.Build.0 = Debug|Any CPU
		{9AF0ABEB-C654-40C7-9A24-BAE57C3EEFC0}.Release|Any CPU.ActiveCfg = Release|Any CPU
		{9AF0ABEB-C654-40C7-9A24-BAE57C3EEFC0}.Release|Any CPU.Build.0 = Release|Any CPU
	EndGlobalSection
	GlobalSection(SolutionProperties) = preSolution
		HideSolutionNode = FALSE
	EndGlobalSection
	GlobalSection(ExtensibilityGlobals) = postSolution
		SolutionGuid = {880F2344-E63B-4A1C-8784-54DF920494CC}
	EndGlobalSection
EndGlobal
